{
  "name": "mock-res",
  "version": "1.0.0",
  "lockfileVersion": 1,
  "requires": true,
  "dependencies": {
    "commander": {
      "version": "2.20.3",
      "resolved": "https://registry.npmjs.org/commander/-/commander-2.20.3.tgz",
      "integrity": "sha512-GpVkmM8vF2vQUkj2LvZmD35JxeJOLCwJ9cUkugyk2nuhbv3+mJvpLYYt+0+USMxE+oj+ey/lJEnhZw75x/OMcQ=="
    },
    "css-tree": {
      "version": "1.0.0-alpha.37",
      "resolved": "https://registry.npmjs.org/css-tree/-/css-tree-1.0.0-alpha.37.tgz",
      "integrity": "sha512-DMxWJg0rnz7UgxKT0Q1HU/L9BeJI0M6ksor0OgqOnF+aRCDWg/N2641HmVyU9KVIu0OVVWOb2IpC9A+BJRnejg==",
      "requires": {
        "mdn-data": "2.0.4",
        "source-map": "^0.6.1"
      }
    },
    "csso": {
      "version": "4.0.2",
      "resolved": "https://registry.npmjs.org/csso/-/csso-4.0.2.tgz",
      "integrity": "sha512-kS7/oeNVXkHWxby5tHVxlhjizRCSv8QdU7hB2FpdAibDU8FjTAolhNjKNTiLzXtUrKT6HwClE81yXwEk1309wg==",
      "requires": {
        "css-tree": "1.0.0-alpha.37"
      }
    },
    "mdn-data": {
      "version": "2.0.4",
      "resolved": "https://registry.npmjs.org/mdn-data/-/mdn-data-2.0.4.tgz",
      "integrity": "sha512-iV3XNKw06j5Q7mi6h+9vbx23Tv7JkjEVgKHW4pimwyDGWm0OIQntJJ+u1C6mg6mK1EaTv42XQ7w76yuzH7M2cA=="
    },
    "source-map": {
      "version": "0.6.1",
      "resolved": "https://registry.npmjs.org/source-map/-/source-map-0.6.1.tgz",
      "integrity": "sha512-UjgapumWlbMhkBgzT7Ykc5YXUT46F0iKu8SGXq0bcwP5dz/h0Plj6enJqjz1Zbq2l5WaqYnrVbwWOWMyF3F47g=="
    },
    "uglify-js": {
      "version": "3.7.7",
      "resolved": "https://registry.npmjs.org/uglify-js/-/uglify-js-3.7.7.tgz",
      "integrity": "sha512-FeSU+hi7ULYy6mn8PKio/tXsdSXN35lm4KgV2asx00kzrLU9Pi3oAslcJT70Jdj7PHX29gGUPOT6+lXGBbemhA==",
      "requires": {
        "commander": "~2.20.3",
        "source-map": "~0.6.1"
      }
    }
  }
}
